// !$*UTF8*$!
{
	archiveVersion = 1;
	classes = {
	};
	objectVersion = 50;
	objects = {

/* Begin PBXBuildFile section */
		23E4FDAD2141CBDE009FD139 /* AppDelegate.swift in Sources */ = {isa = PBXBuildFile; fileRef = 23E4FDAC2141CBDE009FD139 /* AppDelegate.swift */; };
		23E4FDAF2141CBDE009FD139 /* LoginController.swift in Sources */ = {isa = PBXBuildFile; fileRef = 23E4FDAE2141CBDE009FD139 /* LoginController.swift */; };
		23E4FDB22141CBDE009FD139 /* Main.storyboard in Resources */ = {isa = PBXBuildFile; fileRef = 23E4FDB02141CBDE009FD139 /* Main.storyboard */; };
		23E4FDB42141CBE0009FD139 /* Assets.xcassets in Resources */ = {isa = PBXBuildFile; fileRef = 23E4FDB32141CBE0009FD139 /* Assets.xcassets */; };
		23E4FDB72141CBE0009FD139 /* LaunchScreen.storyboard in Resources */ = {isa = PBXBuildFile; fileRef = 23E4FDB52141CBE0009FD139 /* LaunchScreen.storyboard */; };
		23F110802142EFBC00E6DF23 /* FirebaseCore.framework in Frameworks */ = {isa = PBXBuildFile; fileRef = 23F1107F2142EFBC00E6DF23 /* FirebaseCore.framework */; settings = {ATTRIBUTES = (Required, ); }; };
		23F110842142F21700E6DF23 /* GoogleService-Info.plist in Resources */ = {isa = PBXBuildFile; fileRef = 23F110822142F0D700E6DF23 /* GoogleService-Info.plist */; };
		23F1109C2142F70B00E6DF23 /* FirebaseAuth.framework in Frameworks */ = {isa = PBXBuildFile; fileRef = 23F1109B2142F70B00E6DF23 /* FirebaseAuth.framework */; };
		23F1109E2142F70B00E6DF23 /* FirebaseDatabase.framework in Frameworks */ = {isa = PBXBuildFile; fileRef = 23F1109D2142F70B00E6DF23 /* FirebaseDatabase.framework */; };
		23F110B52143017000E6DF23 /* Montserrat-Black.ttf in Resources */ = {isa = PBXBuildFile; fileRef = 23F110A32143016F00E6DF23 /* Montserrat-Black.ttf */; };
		23F110B62143017000E6DF23 /* Montserrat-BlackItalic.ttf in Resources */ = {isa = PBXBuildFile; fileRef = 23F110A42143016F00E6DF23 /* Montserrat-BlackItalic.ttf */; };
		23F110B72143017000E6DF23 /* Montserrat-Bold.ttf in Resources */ = {isa = PBXBuildFile; fileRef = 23F110A52143016F00E6DF23 /* Montserrat-Bold.ttf */; };
		23F110B82143017000E6DF23 /* Montserrat-ExtraLightItalic.ttf in Resources */ = {isa = PBXBuildFile; fileRef = 23F110A62143016F00E6DF23 /* Montserrat-ExtraLightItalic.ttf */; };
		23F110B92143017000E6DF23 /* Montserrat-SemiBoldItalic.ttf in Resources */ = {isa = PBXBuildFile; fileRef = 23F110A72143016F00E6DF23 /* Montserrat-SemiBoldItalic.ttf */; };
		23F110BA2143017000E6DF23 /* Montserrat-Thin.ttf in Resources */ = {isa = PBXBuildFile; fileRef = 23F110A82143016F00E6DF23 /* Montserrat-Thin.ttf */; };
		23F110BB2143017000E6DF23 /* Montserrat-ThinItalic.ttf in Resources */ = {isa = PBXBuildFile; fileRef = 23F110A92143016F00E6DF23 /* Montserrat-ThinItalic.ttf */; };
		23F110BC2143017000E6DF23 /* Montserrat-Italic.ttf in Resources */ = {isa = PBXBuildFile; fileRef = 23F110AA2143016F00E6DF23 /* Montserrat-Italic.ttf */; };
		23F110BD2143017000E6DF23 /* Montserrat-LightItalic.ttf in Resources */ = {isa = PBXBuildFile; fileRef = 23F110AB2143016F00E6DF23 /* Montserrat-LightItalic.ttf */; };
		23F110BE2143017000E6DF23 /* Montserrat-MediumItalic.ttf in Resources */ = {isa = PBXBuildFile; fileRef = 23F110AC2143016F00E6DF23 /* Montserrat-MediumItalic.ttf */; };
		23F110BF2143017000E6DF23 /* Montserrat-BoldItalic.ttf in Resources */ = {isa = PBXBuildFile; fileRef = 23F110AD2143016F00E6DF23 /* Montserrat-BoldItalic.ttf */; };
		23F110C02143017000E6DF23 /* Montserrat-Regular.ttf in Resources */ = {isa = PBXBuildFile; fileRef = 23F110AE2143016F00E6DF23 /* Montserrat-Regular.ttf */; };
		23F110C12143017000E6DF23 /* Montserrat-ExtraBold.ttf in Resources */ = {isa = PBXBuildFile; fileRef = 23F110AF2143016F00E6DF23 /* Montserrat-ExtraBold.ttf */; };
		23F110C22143017000E6DF23 /* Montserrat-Light.ttf in Resources */ = {isa = PBXBuildFile; fileRef = 23F110B02143016F00E6DF23 /* Montserrat-Light.ttf */; };
		23F110C32143017000E6DF23 /* Montserrat-ExtraBoldItalic.ttf in Resources */ = {isa = PBXBuildFile; fileRef = 23F110B12143016F00E6DF23 /* Montserrat-ExtraBoldItalic.ttf */; };
		23F110C42143017000E6DF23 /* Montserrat-Medium.ttf in Resources */ = {isa = PBXBuildFile; fileRef = 23F110B22143016F00E6DF23 /* Montserrat-Medium.ttf */; };
		23F110C52143017000E6DF23 /* Montserrat-SemiBold.ttf in Resources */ = {isa = PBXBuildFile; fileRef = 23F110B32143016F00E6DF23 /* Montserrat-SemiBold.ttf */; };
		23F110C62143017000E6DF23 /* Montserrat-ExtraLight.ttf in Resources */ = {isa = PBXBuildFile; fileRef = 23F110B42143017000E6DF23 /* Montserrat-ExtraLight.ttf */; };
		52DF25770CE35BB36C8CF7AD /* Pods_BlueFitnessHR.framework in Frameworks */ = {isa = PBXBuildFile; fileRef = 03A874DE628710171519F9A4 /* Pods_BlueFitnessHR.framework */; };
/* End PBXBuildFile section */

/* Begin PBXFileReference section */
		03A874DE628710171519F9A4 /* Pods_BlueFitnessHR.framework */ = {isa = PBXFileReference; explicitFileType = wrapper.framework; includeInIndex = 0; path = Pods_BlueFitnessHR.framework; sourceTree = BUILT_PRODUCTS_DIR; };
		23E4FDA92141CBDE009FD139 /* BlueFitnessHR.app */ = {isa = PBXFileReference; explicitFileType = wrapper.application; includeInIndex = 0; path = BlueFitnessHR.app; sourceTree = BUILT_PRODUCTS_DIR; };
		23E4FDAC2141CBDE009FD139 /* AppDelegate.swift */ = {isa = PBXFileReference; lastKnownFileType = sourcecode.swift; path = AppDelegate.swift; sourceTree = "<group>"; };
		23E4FDAE2141CBDE009FD139 /* LoginController.swift */ = {isa = PBXFileReference; lastKnownFileType = sourcecode.swift; path = LoginController.swift; sourceTree = "<group>"; };
		23E4FDB12141CBDE009FD139 /* Base */ = {isa = PBXFileReference; lastKnownFileType = file.storyboard; name = Base; path = Base.lproj/Main.storyboard; sourceTree = "<group>"; };
		23E4FDB32141CBE0009FD139 /* Assets.xcassets */ = {isa = PBXFileReference; lastKnownFileType = folder.assetcatalog; path = Assets.xcassets; sourceTree = "<group>"; };
		23E4FDB62141CBE0009FD139 /* Base */ = {isa = PBXFileReference; lastKnownFileType = file.storyboard; name = Base; path = Base.lproj/LaunchScreen.storyboard; sourceTree = "<group>"; };
		23E4FDB82141CBE0009FD139 /* Info.plist */ = {isa = PBXFileReference; lastKnownFileType = text.plist.xml; path = Info.plist; sourceTree = "<group>"; };
		23F1107F2142EFBC00E6DF23 /* FirebaseCore.framework */ = {isa = PBXFileReference; explicitFileType = wrapper.framework; path = FirebaseCore.framework; sourceTree = BUILT_PRODUCTS_DIR; };
		23F110822142F0D700E6DF23 /* GoogleService-Info.plist */ = {isa = PBXFileReference; lastKnownFileType = text.plist.xml; path = "GoogleService-Info.plist"; sourceTree = "<group>"; };
		23F110882142F52900E6DF23 /* Montserrat-LightItalic.ttf */ = {isa = PBXFileReference; lastKnownFileType = file; path = "Montserrat-LightItalic.ttf"; sourceTree = "<group>"; };
		23F110892142F52900E6DF23 /* Montserrat-Medium.ttf */ = {isa = PBXFileReference; lastKnownFileType = file; path = "Montserrat-Medium.ttf"; sourceTree = "<group>"; };
		23F1108A2142F52900E6DF23 /* Montserrat-BoldItalic.ttf */ = {isa = PBXFileReference; lastKnownFileType = file; path = "Montserrat-BoldItalic.ttf"; sourceTree = "<group>"; };
		23F1108B2142F52900E6DF23 /* Montserrat-Light.ttf */ = {isa = PBXFileReference; lastKnownFileType = file; path = "Montserrat-Light.ttf"; sourceTree = "<group>"; };
		23F1108C2142F52900E6DF23 /* Montserrat-ThinItalic.ttf */ = {isa = PBXFileReference; lastKnownFileType = file; path = "Montserrat-ThinItalic.ttf"; sourceTree = "<group>"; };
		23F1108D2142F52900E6DF23 /* Montserrat-ExtraLight.ttf */ = {isa = PBXFileReference; lastKnownFileType = file; path = "Montserrat-ExtraLight.ttf"; sourceTree = "<group>"; };
		23F1108E2142F52900E6DF23 /* Montserrat-Thin.ttf */ = {isa = PBXFileReference; lastKnownFileType = file; path = "Montserrat-Thin.ttf"; sourceTree = "<group>"; };
		23F1108F2142F52900E6DF23 /* Montserrat-Bold.ttf */ = {isa = PBXFileReference; lastKnownFileType = file; path = "Montserrat-Bold.ttf"; sourceTree = "<group>"; };
		23F110902142F52900E6DF23 /* Montserrat-MediumItalic.ttf */ = {isa = PBXFileReference; lastKnownFileType = file; path = "Montserrat-MediumItalic.ttf"; sourceTree = "<group>"; };
		23F110912142F52900E6DF23 /* Montserrat-BlackItalic.ttf */ = {isa = PBXFileReference; lastKnownFileType = file; path = "Montserrat-BlackItalic.ttf"; sourceTree = "<group>"; };
		23F110922142F52900E6DF23 /* Montserrat-SemiBold.ttf */ = {isa = PBXFileReference; lastKnownFileType = file; path = "Montserrat-SemiBold.ttf"; sourceTree = "<group>"; };
		23F110932142F52900E6DF23 /* Montserrat-ExtraLightItalic.ttf */ = {isa = PBXFileReference; lastKnownFileType = file; path = "Montserrat-ExtraLightItalic.ttf"; sourceTree = "<group>"; };
		23F110942142F52900E6DF23 /* Montserrat-ExtraBold.ttf */ = {isa = PBXFileReference; lastKnownFileType = file; path = "Montserrat-ExtraBold.ttf"; sourceTree = "<group>"; };
		23F110952142F52900E6DF23 /* OFL.txt */ = {isa = PBXFileReference; lastKnownFileType = text; path = OFL.txt; sourceTree = "<group>"; };
		23F110962142F52900E6DF23 /* Montserrat-Black.ttf */ = {isa = PBXFileReference; lastKnownFileType = file; path = "Montserrat-Black.ttf"; sourceTree = "<group>"; };
		23F110972142F52900E6DF23 /* Montserrat-Regular.ttf */ = {isa = PBXFileReference; lastKnownFileType = file; path = "Montserrat-Regular.ttf"; sourceTree = "<group>"; };
		23F110982142F52900E6DF23 /* Montserrat-Italic.ttf */ = {isa = PBXFileReference; lastKnownFileType = file; path = "Montserrat-Italic.ttf"; sourceTree = "<group>"; };
		23F110992142F52900E6DF23 /* Montserrat-SemiBoldItalic.ttf */ = {isa = PBXFileReference; lastKnownFileType = file; path = "Montserrat-SemiBoldItalic.ttf"; sourceTree = "<group>"; };
		23F1109A2142F52900E6DF23 /* Montserrat-ExtraBoldItalic.ttf */ = {isa = PBXFileReference; lastKnownFileType = file; path = "Montserrat-ExtraBoldItalic.ttf"; sourceTree = "<group>"; };
		23F1109B2142F70B00E6DF23 /* FirebaseAuth.framework */ = {isa = PBXFileReference; explicitFileType = wrapper.framework; path = FirebaseAuth.framework; sourceTree = BUILT_PRODUCTS_DIR; };
		23F1109D2142F70B00E6DF23 /* FirebaseDatabase.framework */ = {isa = PBXFileReference; explicitFileType = wrapper.framework; path = FirebaseDatabase.framework; sourceTree = BUILT_PRODUCTS_DIR; };
		23F110A32143016F00E6DF23 /* Montserrat-Black.ttf */ = {isa = PBXFileReference; lastKnownFileType = file; name = "Montserrat-Black.ttf"; path = "../../../../Desktop/Montserrat/Montserrat-Black.ttf"; sourceTree = "<group>"; };
		23F110A42143016F00E6DF23 /* Montserrat-BlackItalic.ttf */ = {isa = PBXFileReference; lastKnownFileType = file; name = "Montserrat-BlackItalic.ttf"; path = "../../../../Desktop/Montserrat/Montserrat-BlackItalic.ttf"; sourceTree = "<group>"; };
		23F110A52143016F00E6DF23 /* Montserrat-Bold.ttf */ = {isa = PBXFileReference; lastKnownFileType = file; name = "Montserrat-Bold.ttf"; path = "../../../../Desktop/Montserrat/Montserrat-Bold.ttf"; sourceTree = "<group>"; };
		23F110A62143016F00E6DF23 /* Montserrat-ExtraLightItalic.ttf */ = {isa = PBXFileReference; lastKnownFileType = file; name = "Montserrat-ExtraLightItalic.ttf"; path = "../../../../Desktop/Montserrat/Montserrat-ExtraLightItalic.ttf"; sourceTree = "<group>"; };
		23F110A72143016F00E6DF23 /* Montserrat-SemiBoldItalic.ttf */ = {isa = PBXFileReference; lastKnownFileType = file; name = "Montserrat-SemiBoldItalic.ttf"; path = "../../../../Desktop/Montserrat/Montserrat-SemiBoldItalic.ttf"; sourceTree = "<group>"; };
		23F110A82143016F00E6DF23 /* Montserrat-Thin.ttf */ = {isa = PBXFileReference; lastKnownFileType = file; name = "Montserrat-Thin.ttf"; path = "../../../../Desktop/Montserrat/Montserrat-Thin.ttf"; sourceTree = "<group>"; };
		23F110A92143016F00E6DF23 /* Montserrat-ThinItalic.ttf */ = {isa = PBXFileReference; lastKnownFileType = file; name = "Montserrat-ThinItalic.ttf"; path = "../../../../Desktop/Montserrat/Montserrat-ThinItalic.ttf"; sourceTree = "<group>"; };
		23F110AA2143016F00E6DF23 /* Montserrat-Italic.ttf */ = {isa = PBXFileReference; lastKnownFileType = file; name = "Montserrat-Italic.ttf"; path = "../../../../Desktop/Montserrat/Montserrat-Italic.ttf"; sourceTree = "<group>"; };
		23F110AB2143016F00E6DF23 /* Montserrat-LightItalic.ttf */ = {isa = PBXFileReference; lastKnownFileType = file; name = "Montserrat-LightItalic.ttf"; path = "../../../../Desktop/Montserrat/Montserrat-LightItalic.ttf"; sourceTree = "<group>"; };
		23F110AC2143016F00E6DF23 /* Montserrat-MediumItalic.ttf */ = {isa = PBXFileReference; lastKnownFileType = file; name = "Montserrat-MediumItalic.ttf"; path = "../../../../Desktop/Montserrat/Montserrat-MediumItalic.ttf"; sourceTree = "<group>"; };
		23F110AD2143016F00E6DF23 /* Montserrat-BoldItalic.ttf */ = {isa = PBXFileReference; lastKnownFileType = file; name = "Montserrat-BoldItalic.ttf"; path = "../../../../Desktop/Montserrat/Montserrat-BoldItalic.ttf"; sourceTree = "<group>"; };
		23F110AE2143016F00E6DF23 /* Montserrat-Regular.ttf */ = {isa = PBXFileReference; lastKnownFileType = file; name = "Montserrat-Regular.ttf"; path = "../../../../Desktop/Montserrat/Montserrat-Regular.ttf"; sourceTree = "<group>"; };
		23F110AF2143016F00E6DF23 /* Montserrat-ExtraBold.ttf */ = {isa = PBXFileReference; lastKnownFileType = file; name = "Montserrat-ExtraBold.ttf"; path = "../../../../Desktop/Montserrat/Montserrat-ExtraBold.ttf"; sourceTree = "<group>"; };
		23F110B02143016F00E6DF23 /* Montserrat-Light.ttf */ = {isa = PBXFileReference; lastKnownFileType = file; name = "Montserrat-Light.ttf"; path = "../../../../Desktop/Montserrat/Montserrat-Light.ttf"; sourceTree = "<group>"; };
		23F110B12143016F00E6DF23 /* Montserrat-ExtraBoldItalic.ttf */ = {isa = PBXFileReference; lastKnownFileType = file; name = "Montserrat-ExtraBoldItalic.ttf"; path = "../../../../Desktop/Montserrat/Montserrat-ExtraBoldItalic.ttf"; sourceTree = "<group>"; };
		23F110B22143016F00E6DF23 /* Montserrat-Medium.ttf */ = {isa = PBXFileReference; lastKnownFileType = file; name = "Montserrat-Medium.ttf"; path = "../../../../Desktop/Montserrat/Montserrat-Medium.ttf"; sourceTree = "<group>"; };
		23F110B32143016F00E6DF23 /* Montserrat-SemiBold.ttf */ = {isa = PBXFileReference; lastKnownFileType = file; name = "Montserrat-SemiBold.ttf"; path = "../../../../Desktop/Montserrat/Montserrat-SemiBold.ttf"; sourceTree = "<group>"; };
		23F110B42143017000E6DF23 /* Montserrat-ExtraLight.ttf */ = {isa = PBXFileReference; lastKnownFileType = file; name = "Montserrat-ExtraLight.ttf"; path = "../../../../Desktop/Montserrat/Montserrat-ExtraLight.ttf"; sourceTree = "<group>"; };
		4B3C020801DB38878DEFBF16 /* Pods-BlueFitnessHR.release.xcconfig */ = {isa = PBXFileReference; includeInIndex = 1; lastKnownFileType = text.xcconfig; name = "Pods-BlueFitnessHR.release.xcconfig"; path = "Pods/Target Support Files/Pods-BlueFitnessHR/Pods-BlueFitnessHR.release.xcconfig"; sourceTree = "<group>"; };
		AE41FF487A2034F42D7DA7E6 /* Pods-BlueFitnessHR.debug.xcconfig */ = {isa = PBXFileReference; includeInIndex = 1; lastKnownFileType = text.xcconfig; name = "Pods-BlueFitnessHR.debug.xcconfig"; path = "Pods/Target Support Files/Pods-BlueFitnessHR/Pods-BlueFitnessHR.debug.xcconfig"; sourceTree = "<group>"; };
/* End PBXFileReference section */

/* Begin PBXFrameworksBuildPhase section */
		23E4FDA62141CBDE009FD139 /* Frameworks */ = {
			isa = PBXFrameworksBuildPhase;
			buildActionMask = 2147483647;
			files = (
				23F1109C2142F70B00E6DF23 /* FirebaseAuth.framework in Frameworks */,
				23F1109E2142F70B00E6DF23 /* FirebaseDatabase.framework in Frameworks */,
				23F110802142EFBC00E6DF23 /* FirebaseCore.framework in Frameworks */,
				52DF25770CE35BB36C8CF7AD /* Pods_BlueFitnessHR.framework in Frameworks */,
			);
			runOnlyForDeploymentPostprocessing = 0;
		};
/* End PBXFrameworksBuildPhase section */

/* Begin PBXGroup section */
		23E4FDA02141CBDE009FD139 = {
			isa = PBXGroup;
			children = (
				23E4FDB82141CBE0009FD139 /* Info.plist */,
				23E4FDAB2141CBDE009FD139 /* BlueFitnessHR */,
				23E4FDAA2141CBDE009FD139 /* Products */,
				BA20C434A9872742B8917B37 /* Pods */,
				388925E9F7C0B6CC25106CAF /* Frameworks */,
			);
			sourceTree = "<group>";
		};
		23E4FDAA2141CBDE009FD139 /* Products */ = {
			isa = PBXGroup;
			children = (
				23E4FDA92141CBDE009FD139 /* BlueFitnessHR.app */,
			);
			name = Products;
			sourceTree = "<group>";
		};
		23E4FDAB2141CBDE009FD139 /* BlueFitnessHR */ = {
			isa = PBXGroup;
			children = (
				23F1109F2143008E00E6DF23 /* Resources */,
				23F110822142F0D700E6DF23 /* GoogleService-Info.plist */,
				23E4FDB32141CBE0009FD139 /* Assets.xcassets */,
				23E4FDAE2141CBDE009FD139 /* LoginController.swift */,
				23E4FDB02141CBDE009FD139 /* Main.storyboard */,
				23F110812142F0C300E6DF23 /* Supporting Files */,
			);
			path = BlueFitnessHR;
			sourceTree = "<group>";
		};
		23F110812142F0C300E6DF23 /* Supporting Files */ = {
			isa = PBXGroup;
			children = (
				23F110872142F52900E6DF23 /* Montserrat */,
				23E4FDAC2141CBDE009FD139 /* AppDelegate.swift */,
				23E4FDB52141CBE0009FD139 /* LaunchScreen.storyboard */,
			);
			path = "Supporting Files";
			sourceTree = "<group>";
		};
		23F110872142F52900E6DF23 /* Montserrat */ = {
			isa = PBXGroup;
			children = (
				23F110882142F52900E6DF23 /* Montserrat-LightItalic.ttf */,
				23F110892142F52900E6DF23 /* Montserrat-Medium.ttf */,
				23F1108A2142F52900E6DF23 /* Montserrat-BoldItalic.ttf */,
				23F1108B2142F52900E6DF23 /* Montserrat-Light.ttf */,
				23F1108C2142F52900E6DF23 /* Montserrat-ThinItalic.ttf */,
				23F1108D2142F52900E6DF23 /* Montserrat-ExtraLight.ttf */,
				23F1108E2142F52900E6DF23 /* Montserrat-Thin.ttf */,
				23F1108F2142F52900E6DF23 /* Montserrat-Bold.ttf */,
				23F110902142F52900E6DF23 /* Montserrat-MediumItalic.ttf */,
				23F110912142F52900E6DF23 /* Montserrat-BlackItalic.ttf */,
				23F110922142F52900E6DF23 /* Montserrat-SemiBold.ttf */,
				23F110932142F52900E6DF23 /* Montserrat-ExtraLightItalic.ttf */,
				23F110942142F52900E6DF23 /* Montserrat-ExtraBold.ttf */,
				23F110952142F52900E6DF23 /* OFL.txt */,
				23F110962142F52900E6DF23 /* Montserrat-Black.ttf */,
				23F110972142F52900E6DF23 /* Montserrat-Regular.ttf */,
				23F110982142F52900E6DF23 /* Montserrat-Italic.ttf */,
				23F110992142F52900E6DF23 /* Montserrat-SemiBoldItalic.ttf */,
				23F1109A2142F52900E6DF23 /* Montserrat-ExtraBoldItalic.ttf */,
			);
			path = Montserrat;
			sourceTree = "<group>";
		};
		23F1109F2143008E00E6DF23 /* Resources */ = {
			isa = PBXGroup;
			children = (
				23F110A22143015500E6DF23 /* Montserrat */,
			);
			name = Resources;
			path = ..;
			sourceTree = "<group>";
		};
		23F110A22143015500E6DF23 /* Montserrat */ = {
			isa = PBXGroup;
			children = (
				23F110A32143016F00E6DF23 /* Montserrat-Black.ttf */,
				23F110A42143016F00E6DF23 /* Montserrat-BlackItalic.ttf */,
				23F110A52143016F00E6DF23 /* Montserrat-Bold.ttf */,
				23F110AD2143016F00E6DF23 /* Montserrat-BoldItalic.ttf */,
				23F110AF2143016F00E6DF23 /* Montserrat-ExtraBold.ttf */,
				23F110B12143016F00E6DF23 /* Montserrat-ExtraBoldItalic.ttf */,
				23F110B42143017000E6DF23 /* Montserrat-ExtraLight.ttf */,
				23F110A62143016F00E6DF23 /* Montserrat-ExtraLightItalic.ttf */,
				23F110AA2143016F00E6DF23 /* Montserrat-Italic.ttf */,
				23F110B02143016F00E6DF23 /* Montserrat-Light.ttf */,
				23F110AB2143016F00E6DF23 /* Montserrat-LightItalic.ttf */,
				23F110B22143016F00E6DF23 /* Montserrat-Medium.ttf */,
				23F110AC2143016F00E6DF23 /* Montserrat-MediumItalic.ttf */,
				23F110AE2143016F00E6DF23 /* Montserrat-Regular.ttf */,
				23F110B32143016F00E6DF23 /* Montserrat-SemiBold.ttf */,
				23F110A72143016F00E6DF23 /* Montserrat-SemiBoldItalic.ttf */,
				23F110A82143016F00E6DF23 /* Montserrat-Thin.ttf */,
				23F110A92143016F00E6DF23 /* Montserrat-ThinItalic.ttf */,
			);
			path = Montserrat;
			sourceTree = "<group>";
		};
		388925E9F7C0B6CC25106CAF /* Frameworks */ = {
			isa = PBXGroup;
			children = (
				23F1109B2142F70B00E6DF23 /* FirebaseAuth.framework */,
				23F1109D2142F70B00E6DF23 /* FirebaseDatabase.framework */,
				23F1107F2142EFBC00E6DF23 /* FirebaseCore.framework */,
				03A874DE628710171519F9A4 /* Pods_BlueFitnessHR.framework */,
			);
			name = Frameworks;
			sourceTree = "<group>";
		};
		BA20C434A9872742B8917B37 /* Pods */ = {
			isa = PBXGroup;
			children = (
				AE41FF487A2034F42D7DA7E6 /* Pods-BlueFitnessHR.debug.xcconfig */,
				4B3C020801DB38878DEFBF16 /* Pods-BlueFitnessHR.release.xcconfig */,
			);
			name = Pods;
			sourceTree = "<group>";
		};
/* End PBXGroup section */

/* Begin PBXNativeTarget section */
		23E4FDA82141CBDE009FD139 /* BlueFitnessHR */ = {
			isa = PBXNativeTarget;
			buildConfigurationList = 23E4FDBB2141CBE0009FD139 /* Build configuration list for PBXNativeTarget "BlueFitnessHR" */;
			buildPhases = (
				1E871D91B02C9454BA136B5C /* [CP] Check Pods Manifest.lock */,
				23E4FDA52141CBDE009FD139 /* Sources */,
				23E4FDA62141CBDE009FD139 /* Frameworks */,
				23E4FDA72141CBDE009FD139 /* Resources */,
				238C6C60CB4B3DFC506A8565 /* [CP] Embed Pods Frameworks */,
			);
			buildRules = (
			);
			dependencies = (
			);
			name = BlueFitnessHR;
			productName = BlueFitnessHR;
			productReference = 23E4FDA92141CBDE009FD139 /* BlueFitnessHR.app */;
			productType = "com.apple.product-type.application";
		};
/* End PBXNativeTarget section */

/* Begin PBXProject section */
		23E4FDA12141CBDE009FD139 /* Project object */ = {
			isa = PBXProject;
			attributes = {
				LastSwiftUpdateCheck = 0940;
				LastUpgradeCheck = 0940;
				ORGANIZATIONNAME = BlueFitness;
				TargetAttributes = {
					23E4FDA82141CBDE009FD139 = {
						CreatedOnToolsVersion = 9.4.1;
					};
				};
			};
			buildConfigurationList = 23E4FDA42141CBDE009FD139 /* Build configuration list for PBXProject "BlueFitnessHR" */;
			compatibilityVersion = "Xcode 9.3";
			developmentRegion = en;
			hasScannedForEncodings = 0;
			knownRegions = (
				en,
				Base,
			);
			mainGroup = 23E4FDA02141CBDE009FD139;
			productRefGroup = 23E4FDAA2141CBDE009FD139 /* Products */;
			projectDirPath = "";
			projectRoot = "";
			targets = (
				23E4FDA82141CBDE009FD139 /* BlueFitnessHR */,
			);
		};
/* End PBXProject section */

/* Begin PBXResourcesBuildPhase section */
		23E4FDA72141CBDE009FD139 /* Resources */ = {
			isa = PBXResourcesBuildPhase;
			buildActionMask = 2147483647;
			files = (
				23F110C12143017000E6DF23 /* Montserrat-ExtraBold.ttf in Resources */,
				23F110C32143017000E6DF23 /* Montserrat-ExtraBoldItalic.ttf in Resources */,
				23F110C02143017000E6DF23 /* Montserrat-Regular.ttf in Resources */,
				23F110C52143017000E6DF23 /* Montserrat-SemiBold.ttf in Resources */,
				23F110BA2143017000E6DF23 /* Montserrat-Thin.ttf in Resources */,
				23F110B92143017000E6DF23 /* Montserrat-SemiBoldItalic.ttf in Resources */,
				23F110BE2143017000E6DF23 /* Montserrat-MediumItalic.ttf in Resources */,
				23F110C42143017000E6DF23 /* Montserrat-Medium.ttf in Resources */,
				23F110BF2143017000E6DF23 /* Montserrat-BoldItalic.ttf in Resources */,
				23F110BD2143017000E6DF23 /* Montserrat-LightItalic.ttf in Resources */,
				23E4FDB72141CBE0009FD139 /* LaunchScreen.storyboard in Resources */,
				23F110BC2143017000E6DF23 /* Montserrat-Italic.ttf in Resources */,
				23F110B82143017000E6DF23 /* Montserrat-ExtraLightItalic.ttf in Resources */,
				23F110B52143017000E6DF23 /* Montserrat-Black.ttf in Resources */,
				23F110BB2143017000E6DF23 /* Montserrat-ThinItalic.ttf in Resources */,
				23F110C22143017000E6DF23 /* Montserrat-Light.ttf in Resources */,
				23F110842142F21700E6DF23 /* GoogleService-Info.plist in Resources */,
				23F110C62143017000E6DF23 /* Montserrat-ExtraLight.ttf in Resources */,
				23F110B62143017000E6DF23 /* Montserrat-BlackItalic.ttf in Resources */,
				23E4FDB42141CBE0009FD139 /* Assets.xcassets in Resources */,
				23E4FDB22141CBDE009FD139 /* Main.storyboard in Resources */,
				23F110B72143017000E6DF23 /* Montserrat-Bold.ttf in Resources */,
			);
			runOnlyForDeploymentPostprocessing = 0;
		};
/* End PBXResourcesBuildPhase section */

/* Begin PBXShellScriptBuildPhase section */
		1E871D91B02C9454BA136B5C /* [CP] Check Pods Manifest.lock */ = {
			isa = PBXShellScriptBuildPhase;
			buildActionMask = 2147483647;
			files = (
			);
			inputPaths = (
				"${PODS_PODFILE_DIR_PATH}/Podfile.lock",
				"${PODS_ROOT}/Manifest.lock",
			);
			name = "[CP] Check Pods Manifest.lock";
			outputPaths = (
				"$(DERIVED_FILE_DIR)/Pods-BlueFitnessHR-checkManifestLockResult.txt",
			);
			runOnlyForDeploymentPostprocessing = 0;
			shellPath = /bin/sh;
			shellScript = "diff \"${PODS_PODFILE_DIR_PATH}/Podfile.lock\" \"${PODS_ROOT}/Manifest.lock\" > /dev/null\nif [ $? != 0 ] ; then\n    # print error to STDERR\n    echo \"error: The sandbox is not in sync with the Podfile.lock. Run 'pod install' or update your CocoaPods installation.\" >&2\n    exit 1\nfi\n# This output is used by Xcode 'outputs' to avoid re-running this script phase.\necho \"SUCCESS\" > \"${SCRIPT_OUTPUT_FILE_0}\"\n";
			showEnvVarsInLog = 0;
		};
		238C6C60CB4B3DFC506A8565 /* [CP] Embed Pods Frameworks */ = {
			isa = PBXShellScriptBuildPhase;
			buildActionMask = 2147483647;
			files = (
			);
			inputPaths = (
				"${SRCROOT}/Pods/Target Support Files/Pods-BlueFitnessHR/Pods-BlueFitnessHR-frameworks.sh",
				"${BUILT_PRODUCTS_DIR}/GTMSessionFetcher/GTMSessionFetcher.framework",
				"${BUILT_PRODUCTS_DIR}/GoogleUtilities/GoogleUtilities.framework",
				"${BUILT_PRODUCTS_DIR}/leveldb-library/leveldb.framework",
				"${BUILT_PRODUCTS_DIR}/nanopb/nanopb.framework",
			);
			name = "[CP] Embed Pods Frameworks";
			outputPaths = (
				"${TARGET_BUILD_DIR}/${FRAMEWORKS_FOLDER_PATH}/GTMSessionFetcher.framework",
				"${TARGET_BUILD_DIR}/${FRAMEWORKS_FOLDER_PATH}/GoogleUtilities.framework",
				"${TARGET_BUILD_DIR}/${FRAMEWORKS_FOLDER_PATH}/leveldb.framework",
				"${TARGET_BUILD_DIR}/${FRAMEWORKS_FOLDER_PATH}/nanopb.framework",
			);
			runOnlyForDeploymentPostprocessing = 0;
			shellPath = /bin/sh;
			shellScript = "\"${SRCROOT}/Pods/Target Support Files/Pods-BlueFitnessHR/Pods-BlueFitnessHR-frameworks.sh\"\n";
			showEnvVarsInLog = 0;
		};
/* End PBXShellScriptBuildPhase section */

/* Begin PBXSourcesBuildPhase section */
		23E4FDA52141CBDE009FD139 /* Sources */ = {
			isa = PBXSourcesBuildPhase;
			buildActionMask = 2147483647;
			files = (
				23E4FDAF2141CBDE009FD139 /* LoginController.swift in Sources */,
				23E4FDAD2141CBDE009FD139 /* AppDelegate.swift in Sources */,
			);
			runOnlyForDeploymentPostprocessing = 0;
		};
/* End PBXSourcesBuildPhase section */

/* Begin PBXVariantGroup section */
		23E4FDB02141CBDE009FD139 /* Main.storyboard */ = {
			isa = PBXVariantGroup;
			children = (
				23E4FDB12141CBDE009FD139 /* Base */,
			);
			name = Main.storyboard;
			sourceTree = "<group>";
		};
		23E4FDB52141CBE0009FD139 /* LaunchScreen.storyboard */ = {
			isa = PBXVariantGroup;
			children = (
				23E4FDB62141CBE0009FD139 /* Base */,
			);
			name = LaunchScreen.storyboard;
			sourceTree = "<group>";
		};
/* End PBXVariantGroup section */

/* Begin XCBuildConfiguration section */
		23E4FDB92141CBE0009FD139 /* Debug */ = {
			isa = XCBuildConfiguration;
			buildSettings = {
				ALWAYS_SEARCH_USER_PATHS = NO;
				CLANG_ANALYZER_NONNULL = YES;
				CLANG_ANALYZER_NUMBER_OBJECT_CONVERSION = YES_AGGRESSIVE;
				CLANG_CXX_LANGUAGE_STANDARD = "gnu++14";
				CLANG_CXX_LIBRARY = "libc++";
				CLANG_ENABLE_MODULES = YES;
				CLANG_ENABLE_OBJC_ARC = YES;
				CLANG_ENABLE_OBJC_WEAK = YES;
				CLANG_WARN_BLOCK_CAPTURE_AUTORELEASING = YES;
				CLANG_WARN_BOOL_CONVERSION = YES;
				CLANG_WARN_COMMA = YES;
				CLANG_WARN_CONSTANT_CONVERSION = YES;
				CLANG_WARN_DEPRECATED_OBJC_IMPLEMENTATIONS = YES;
				CLANG_WARN_DIRECT_OBJC_ISA_USAGE = YES_ERROR;
				CLANG_WARN_DOCUMENTATION_COMMENTS = YES;
				CLANG_WARN_EMPTY_BODY = YES;
				CLANG_WARN_ENUM_CONVERSION = YES;
				CLANG_WARN_INFINITE_RECURSION = YES;
				CLANG_WARN_INT_CONVERSION = YES;
				CLANG_WARN_NON_LITERAL_NULL_CONVERSION = YES;
				CLANG_WARN_OBJC_IMPLICIT_RETAIN_SELF = YES;
				CLANG_WARN_OBJC_LITERAL_CONVERSION = YES;
				CLANG_WARN_OBJC_ROOT_CLASS = YES_ERROR;
				CLANG_WARN_RANGE_LOOP_ANALYSIS = YES;
				CLANG_WARN_STRICT_PROTOTYPES = YES;
				CLANG_WARN_SUSPICIOUS_MOVE = YES;
				CLANG_WARN_UNGUARDED_AVAILABILITY = YES_AGGRESSIVE;
				CLANG_WARN_UNREACHABLE_CODE = YES;
				CLANG_WARN__DUPLICATE_METHOD_MATCH = YES;
				CODE_SIGN_IDENTITY = "iPhone Developer";
				COPY_PHASE_STRIP = NO;
				DEBUG_INFORMATION_FORMAT = dwarf;
				ENABLE_STRICT_OBJC_MSGSEND = YES;
				ENABLE_TESTABILITY = YES;
				GCC_C_LANGUAGE_STANDARD = gnu11;
				GCC_DYNAMIC_NO_PIC = NO;
				GCC_NO_COMMON_BLOCKS = YES;
				GCC_OPTIMIZATION_LEVEL = 0;
				GCC_PREPROCESSOR_DEFINITIONS = (
					"DEBUG=1",
					"$(inherited)",
				);
				GCC_WARN_64_TO_32_BIT_CONVERSION = YES;
				GCC_WARN_ABOUT_RETURN_TYPE = YES_ERROR;
				GCC_WARN_UNDECLARED_SELECTOR = YES;
				GCC_WARN_UNINITIALIZED_AUTOS = YES_AGGRESSIVE;
				GCC_WARN_UNUSED_FUNCTION = YES;
				GCC_WARN_UNUSED_VARIABLE = YES;
				IPHONEOS_DEPLOYMENT_TARGET = 11.4;
				MTL_ENABLE_DEBUG_INFO = YES;
				ONLY_ACTIVE_ARCH = YES;
				SDKROOT = iphoneos;
				SWIFT_ACTIVE_COMPILATION_CONDITIONS = DEBUG;
				SWIFT_OPTIMIZATION_LEVEL = "-Onone";
			};
			name = Debug;
		};
		23E4FDBA2141CBE0009FD139 /* Release */ = {
			isa = XCBuildConfiguration;
			buildSettings = {
				ALWAYS_SEARCH_USER_PATHS = NO;
				CLANG_ANALYZER_NONNULL = YES;
				CLANG_ANALYZER_NUMBER_OBJECT_CONVERSION = YES_AGGRESSIVE;
				CLANG_CXX_LANGUAGE_STANDARD = "gnu++14";
				CLANG_CXX_LIBRARY = "libc++";
				CLANG_ENABLE_MODULES = YES;
				CLANG_ENABLE_OBJC_ARC = YES;
				CLANG_ENABLE_OBJC_WEAK = YES;
				CLANG_WARN_BLOCK_CAPTURE_AUTORELEASING = YES;
				CLANG_WARN_BOOL_CONVERSION = YES;
				CLANG_WARN_COMMA = YES;
				CLANG_WARN_CONSTANT_CONVERSION = YES;
				CLANG_WARN_DEPRECATED_OBJC_IMPLEMENTATIONS = YES;
				CLANG_WARN_DIRECT_OBJC_ISA_USAGE = YES_ERROR;
				CLANG_WARN_DOCUMENTATION_COMMENTS = YES;
				CLANG_WARN_EMPTY_BODY = YES;
				CLANG_WARN_ENUM_CONVERSION = YES;
				CLANG_WARN_INFINITE_RECURSION = YES;
				CLANG_WARN_INT_CONVERSION = YES;
				CLANG_WARN_NON_LITERAL_NULL_CONVERSION = YES;
				CLANG_WARN_OBJC_IMPLICIT_RETAIN_SELF = YES;
				CLANG_WARN_OBJC_LITERAL_CONVERSION = YES;
				CLANG_WARN_OBJC_ROOT_CLASS = YES_ERROR;
				CLANG_WARN_RANGE_LOOP_ANALYSIS = YES;
				CLANG_WARN_STRICT_PROTOTYPES = YES;
				CLANG_WARN_SUSPICIOUS_MOVE = YES;
				CLANG_WARN_UNGUARDED_AVAILABILITY = YES_AGGRESSIVE;
				CLANG_WARN_UNREACHABLE_CODE = YES;
				CLANG_WARN__DUPLICATE_METHOD_MATCH = YES;
				CODE_SIGN_IDENTITY = "iPhone Developer";
				COPY_PHASE_STRIP = NO;
				DEBUG_INFORMATION_FORMAT = "dwarf-with-dsym";
				ENABLE_NS_ASSERTIONS = NO;
				ENABLE_STRICT_OBJC_MSGSEND = YES;
				GCC_C_LANGUAGE_STANDARD = gnu11;
				GCC_NO_COMMON_BLOCKS = YES;
				GCC_WARN_64_TO_32_BIT_CONVERSION = YES;
				GCC_WARN_ABOUT_RETURN_TYPE = YES_ERROR;
				GCC_WARN_UNDECLARED_SELECTOR = YES;
				GCC_WARN_UNINITIALIZED_AUTOS = YES_AGGRESSIVE;
				GCC_WARN_UNUSED_FUNCTION = YES;
				GCC_WARN_UNUSED_VARIABLE = YES;
				IPHONEOS_DEPLOYMENT_TARGET = 11.4;
				MTL_ENABLE_DEBUG_INFO = NO;
				SDKROOT = iphoneos;
				SWIFT_COMPILATION_MODE = wholemodule;
				SWIFT_OPTIMIZATION_LEVEL = "-O";
				VALIDATE_PRODUCT = YES;
			};
			name = Release;
		};
		23E4FDBC2141CBE0009FD139 /* Debug */ = {
			isa = XCBuildConfiguration;
			baseConfigurationReference = AE41FF487A2034F42D7DA7E6 /* Pods-BlueFitnessHR.debug.xcconfig */;
			buildSettings = {
				ASSETCATALOG_COMPILER_APPICON_NAME = AppIcon;
				CODE_SIGN_STYLE = Automatic;
				DEVELOPMENT_TEAM = P7B28H88F7;
				INFOPLIST_FILE = "$(SRCROOT)/Info.plist";
				LD_RUNPATH_SEARCH_PATHS = (
					"$(inherited)",
					"@executable_path/Frameworks",
				);
				PRODUCT_BUNDLE_IDENTIFIER = com.BlueFitness.BlueFitnessHR;
				PRODUCT_NAME = "$(TARGET_NAME)";
				SWIFT_VERSION = 4.0;
				TARGETED_DEVICE_FAMILY = 1;
			};
			name = Debug;
		};
		23E4FDBD2141CBE0009FD139 /* Release */ = {
			isa = XCBuildConfiguration;
			baseConfigurationReference = 4B3C020801DB38878DEFBF16 /* Pods-BlueFitnessHR.release.xcconfig */;
			buildSettings = {
				ASSETCATALOG_COMPILER_APPICON_NAME = AppIcon;
				CODE_SIGN_STYLE = Automatic;
				DEVELOPMENT_TEAM = P7B28H88F7;
				INFOPLIST_FILE = "$(SRCROOT)/Info.plist";
				LD_RUNPATH_SEARCH_PATHS = (
					"$(inherited)",
					"@executable_path/Frameworks",
				);
				PRODUCT_BUNDLE_IDENTIFIER = com.BlueFitness.BlueFitnessHR;
				PRODUCT_NAME = "$(TARGET_NAME)";
				SWIFT_VERSION = 4.0;
				TARGETED_DEVICE_FAMILY = 1;
			};
			name = Release;
		};
/* End XCBuildConfiguration section */

/* Begin XCConfigurationList section */
		23E4FDA42141CBDE009FD139 /* Build configuration list for PBXProject "BlueFitnessHR" */ = {
			isa = XCConfigurationList;
			buildConfigurations = (
				23E4FDB92141CBE0009FD139 /* Debug */,
				23E4FDBA2141CBE0009FD139 /* Release */,
			);
			defaultConfigurationIsVisible = 0;
			defaultConfigurationName = Release;
		};
		23E4FDBB2141CBE0009FD139 /* Build configuration list for PBXNativeTarget "BlueFitnessHR" */ = {
			isa = XCConfigurationList;
			buildConfigurations = (
				23E4FDBC2141CBE0009FD139 /* Debug */,
				23E4FDBD2141CBE0009FD139 /* Release */,
			);
			defaultConfigurationIsVisible = 0;
			defaultConfigurationName = Release;
		};
/* End XCConfigurationList section */
	};
	rootObject = 23E4FDA12141CBDE009FD139 /* Project object */;
}
